
Microsoft Visual Studio Solution File, Format Version 12.00
# Visual Studio Version 16
VisualStudioVersion = 16.0.28315.86
MinimumVisualStudioVersion = 10.0.40219.1
Project("{2150E333-8FDC-42A3-9474-1A3956D46DE8}") = "Engine", "Engine", "{FE3869D9-7050-4B56-B517-6F0F3C7D1CDE}"
EndProject
Project("{2150E333-8FDC-42A3-9474-1A3956D46DE8}") = "Games", "Games", "{494A1EE3-F8B0-4052-8BCF-71A7893764EE}"
EndProject
Project("{8BC9CEB8-8B4A-11D0-8D11-00A0C91BC942}") = "BattleTank", "Intermediate\ProjectFiles\BattleTank.vcxproj", "{A1B214C2-9B14-494D-8B1A-328ECEB3DE4C}"
EndProject
Project("{8BC9CEB8-8B4A-11D0-8D11-00A0C91BC942}") = "UE4", "Intermediate\ProjectFiles\UE4.vcxproj", "{AD7BF4C3-CF01-4167-8922-A07847C0414A}"
EndProject
Project("{2150E333-8FDC-42A3-9474-1A3956D46DE8}") = "Visualizers", "Visualizers", "{AEF745FC-021E-4F18-B363-EA0CBB898D63}"
	ProjectSection(SolutionItems) = preProject
		..\..\..\..\Unreal\UE_4.22\Engine\Extras\VisualStudioDebugging\UE4.natvis = ..\..\..\..\Unreal\UE_4.22\Engine\Extras\VisualStudioDebugging\UE4.natvis
	EndProjectSection
EndProject
Global
	GlobalSection(SolutionConfigurationPlatforms) = preSolution
		DebugGame Editor|HTML5 = DebugGame Editor|HTML5
		DebugGame Editor|Win32 = DebugGame Editor|Win32
		DebugGame Editor|Win64 = DebugGame Editor|Win64
		DebugGame|HTML5 = DebugGame|HTML5
		DebugGame|Win32 = DebugGame|Win32
		DebugGame|Win64 = DebugGame|Win64
		Development Editor|HTML5 = Development Editor|HTML5
		Development Editor|Win32 = Development Editor|Win32
		Development Editor|Win64 = Development Editor|Win64
		Development|HTML5 = Development|HTML5
		Development|Win32 = Development|Win32
		Development|Win64 = Development|Win64
		Shipping|HTML5 = Shipping|HTML5
		Shipping|Win32 = Shipping|Win32
		Shipping|Win64 = Shipping|Win64
	EndGlobalSection
	GlobalSection(ProjectConfigurationPlatforms) = postSolution
		{A1B214C2-9B14-494D-8B1A-328ECEB3DE4C}.DebugGame Editor|HTML5.ActiveCfg = Invalid|Win32
		{A1B214C2-9B14-494D-8B1A-328ECEB3DE4C}.DebugGame Editor|Win32.ActiveCfg = Invalid|Win32
		{A1B214C2-9B14-494D-8B1A-328ECEB3DE4C}.DebugGame Editor|Win64.ActiveCfg = DebugGame_Editor|x64
		{A1B214C2-9B14-494D-8B1A-328ECEB3DE4C}.DebugGame Editor|Win64.Build.0 = DebugGame_Editor|x64
		{A1B214C2-9B14-494D-8B1A-328ECEB3DE4C}.DebugGame|HTML5.ActiveCfg = HTML5_DebugGame|Win32
		{A1B214C2-9B14-494D-8B1A-328ECEB3DE4C}.DebugGame|HTML5.Build.0 = HTML5_DebugGame|Win32
		{A1B214C2-9B14-494D-8B1A-328ECEB3DE4C}.DebugGame|Win32.ActiveCfg = DebugGame|Win32
		{A1B214C2-9B14-494D-8B1A-328ECEB3DE4C}.DebugGame|Win32.Build.0 = DebugGame|Win32
		{A1B214C2-9B14-494D-8B1A-328ECEB3DE4C}.DebugGame|Win64.ActiveCfg = DebugGame|x64
		{A1B214C2-9B14-494D-8B1A-328ECEB3DE4C}.DebugGame|Win64.Build.0 = DebugGame|x64
		{A1B214C2-9B14-494D-8B1A-328ECEB3DE4C}.Development Editor|HTML5.ActiveCfg = Invalid|Win32
		{A1B214C2-9B14-494D-8B1A-328ECEB3DE4C}.Development Editor|Win32.ActiveCfg = Invalid|Win32
		{A1B214C2-9B14-494D-8B1A-328ECEB3DE4C}.Development Editor|Win64.ActiveCfg = Development_Editor|x64
		{A1B214C2-9B14-494D-8B1A-328ECEB3DE4C}.Development Editor|Win64.Build.0 = Development_Editor|x64
		{A1B214C2-9B14-494D-8B1A-328ECEB3DE4C}.Development|HTML5.ActiveCfg = HTML5_Development|Win32
		{A1B214C2-9B14-494D-8B1A-328ECEB3DE4C}.Development|HTML5.Build.0 = HTML5_Development|Win32
		{A1B214C2-9B14-494D-8B1A-328ECEB3DE4C}.Development|Win32.ActiveCfg = Development|Win32
		{A1B214C2-9B14-494D-8B1A-328ECEB3DE4C}.Development|Win32.Build.0 = Development|Win32
		{A1B214C2-9B14-494D-8B1A-328ECEB3DE4C}.Development|Win64.ActiveCfg = Development|x64
		{A1B214C2-9B14-494D-8B1A-328ECEB3DE4C}.Development|Win64.Build.0 = Development|x64
		{A1B214C2-9B14-494D-8B1A-328ECEB3DE4C}.Shipping|HTML5.ActiveCfg = HTML5_Shipping|Win32
		{A1B214C2-9B14-494D-8B1A-328ECEB3DE4C}.Shipping|HTML5.Build.0 = HTML5_Shipping|Win32
		{A1B214C2-9B14-494D-8B1A-328ECEB3DE4C}.Shipping|Win32.ActiveCfg = Shipping|Win32
		{A1B214C2-9B14-494D-8B1A-328ECEB3DE4C}.Shipping|Win32.Build.0 = Shipping|Win32
		{A1B214C2-9B14-494D-8B1A-328ECEB3DE4C}.Shipping|Win64.ActiveCfg = Shipping|x64
		{A1B214C2-9B14-494D-8B1A-328ECEB3DE4C}.Shipping|Win64.Build.0 = Shipping|x64
		{AD7BF4C3-CF01-4167-8922-A07847C0414A}.DebugGame Editor|HTML5.ActiveCfg = BuiltWithUnrealBuildTool|Win32
		{AD7BF4C3-CF01-4167-8922-A07847C0414A}.DebugGame Editor|Win32.ActiveCfg = BuiltWithUnrealBuildTool|Win32
		{AD7BF4C3-CF01-4167-8922-A07847C0414A}.DebugGame Editor|Win64.ActiveCfg = BuiltWithUnrealBuildTool|Win32
		{AD7BF4C3-CF01-4167-8922-A07847C0414A}.DebugGame|HTML5.ActiveCfg = BuiltWithUnrealBuildTool|Win32
		{AD7BF4C3-CF01-4167-8922-A07847C0414A}.DebugGame|Win32.ActiveCfg = BuiltWithUnrealBuildTool|Win32
		{AD7BF4C3-CF01-4167-8922-A07847C0414A}.DebugGame|Win64.ActiveCfg = BuiltWithUnrealBuildTool|Win32
		{AD7BF4C3-CF01-4167-8922-A07847C0414A}.Development Editor|HTML5.ActiveCfg = BuiltWithUnrealBuildTool|Win32
		{AD7BF4C3-CF01-4167-8922-A07847C0414A}.Development Editor|Win32.ActiveCfg = BuiltWithUnrealBuildTool|Win32
		{AD7BF4C3-CF01-4167-8922-A07847C0414A}.Development Editor|Win64.ActiveCfg = BuiltWithUnrealBuildTool|Win32
		{AD7BF4C3-CF01-4167-8922-A07847C0414A}.Development|HTML5.ActiveCfg = BuiltWithUnrealBuildTool|Win32
		{AD7BF4C3-CF01-4167-8922-A07847C0414A}.Development|Win32.ActiveCfg = BuiltWithUnrealBuildTool|Win32
		{AD7BF4C3-CF01-4167-8922-A07847C0414A}.Development|Win64.ActiveCfg = BuiltWithUnrealBuildTool|Win32
		{AD7BF4C3-CF01-4167-8922-A07847C0414A}.Shipping|HTML5.ActiveCfg = BuiltWithUnrealBuildTool|Win32
		{AD7BF4C3-CF01-4167-8922-A07847C0414A}.Shipping|Win32.ActiveCfg = BuiltWithUnrealBuildTool|Win32
		{AD7BF4C3-CF01-4167-8922-A07847C0414A}.Shipping|Win64.ActiveCfg = BuiltWithUnrealBuildTool|Win32
	EndGlobalSection
	GlobalSection(SolutionProperties) = preSolution
		HideSolutionNode = FALSE
	EndGlobalSection
	GlobalSection(NestedProjects) = preSolution
		{AD7BF4C3-CF01-4167-8922-A07847C0414A} = {FE3869D9-7050-4B56-B517-6F0F3C7D1CDE}
		{A1B214C2-9B14-494D-8B1A-328ECEB3DE4C} = {494A1EE3-F8B0-4052-8BCF-71A7893764EE}
	EndGlobalSection
EndGlobal
